
Microsoft Visual Studio Solution File, Format Version 12.00
# Visual Studio Version 17
VisualStudioVersion = 17.3.32611.2
MinimumVisualStudioVersion = 10.0.40219.1
Project("{2150E333-8FDC-42A3-9474-1A3956D46DE8}") = "src", "src", "{8216A127-843C-43CE-9805-F4DF24F0D00D}"
EndProject
Project("{2150E333-8FDC-42A3-9474-1A3956D46DE8}") = "tests", "tests", "{6BF736C8-6B48-4E52-AA75-31FA537B7473}"
EndProject
Project("{9A19103F-16F7-4668-BE54-9A1E7A4F7556}") = "Backend", "Backend\Backend.csproj", "{39D7E285-3560-4EE8-BC49-386E274A04FE}"
EndProject
Project("{9A19103F-16F7-4668-BE54-9A1E7A4F7556}") = "Frontend", "Frontend\Frontend.csproj", "{7A16406D-C0C4-4E41-BCC4-762BBC92FCFD}"
	ProjectSection(ProjectDependencies) = postProject
		{39D7E285-3560-4EE8-BC49-386E274A04FE} = {39D7E285-3560-4EE8-BC49-386E274A04FE}
	EndProjectSection
EndProject
Project("{9A19103F-16F7-4668-BE54-9A1E7A4F7556}") = "BackendTest", "BackendTest\BackendTest.csproj", "{3CEBC2A5-0856-41E7-B53D-F26EA1FF582E}"
EndProject
Project("{9A19103F-16F7-4668-BE54-9A1E7A4F7556}") = "FrontendTest", "FrontendTest\FrontendTest.csproj", "{37E8E3FD-612B-4FAC-89E2-35AFF607CC9A}"
EndProject
Global
	GlobalSection(SolutionConfigurationPlatforms) = preSolution
		Debug|Any CPU = Debug|Any CPU
		Release|Any CPU = Release|Any CPU
	EndGlobalSection
	GlobalSection(ProjectConfigurationPlatforms) = postSolution
		{39D7E285-3560-4EE8-BC49-386E274A04FE}.Debug|Any CPU.ActiveCfg = Debug|Any CPU
		{39D7E285-3560-4EE8-BC49-386E274A04FE}.Debug|Any CPU.Build.0 = Debug|Any CPU
		{39D7E285-3560-4EE8-BC49-386E274A04FE}.Release|Any CPU.ActiveCfg = Release|Any CPU
		{39D7E285-3560-4EE8-BC49-386E274A04FE}.Release|Any CPU.Build.0 = Release|Any CPU
		{7A16406D-C0C4-4E41-BCC4-762BBC92FCFD}.Debug|Any CPU.ActiveCfg = Debug|Any CPU
		{7A16406D-C0C4-4E41-BCC4-762BBC92FCFD}.Debug|Any CPU.Build.0 = Debug|Any CPU
		{7A16406D-C0C4-4E41-BCC4-762BBC92FCFD}.Debug|Any CPU.Deploy.0 = Debug|Any CPU
		{7A16406D-C0C4-4E41-BCC4-762BBC92FCFD}.Release|Any CPU.ActiveCfg = Release|Any CPU
		{7A16406D-C0C4-4E41-BCC4-762BBC92FCFD}.Release|Any CPU.Build.0 = Release|Any CPU
		{7A16406D-C0C4-4E41-BCC4-762BBC92FCFD}.Release|Any CPU.Deploy.0 = Release|Any CPU
		{3CEBC2A5-0856-41E7-B53D-F26EA1FF582E}.Debug|Any CPU.ActiveCfg = Debug|Any CPU
		{3CEBC2A5-0856-41E7-B53D-F26EA1FF582E}.Debug|Any CPU.Build.0 = Debug|Any CPU
		{3CEBC2A5-0856-41E7-B53D-F26EA1FF582E}.Release|Any CPU.ActiveCfg = Release|Any CPU
		{3CEBC2A5-0856-41E7-B53D-F26EA1FF582E}.Release|Any CPU.Build.0 = Release|Any CPU
		{37E8E3FD-612B-4FAC-89E2-35AFF607CC9A}.Debug|Any CPU.ActiveCfg = Debug|Any CPU
		{37E8E3FD-612B-4FAC-89E2-35AFF607CC9A}.Debug|Any CPU.Build.0 = Debug|Any CPU
		{37E8E3FD-612B-4FAC-89E2-35AFF607CC9A}.Release|Any CPU.ActiveCfg = Release|Any CPU
		{37E8E3FD-612B-4FAC-89E2-35AFF607CC9A}.Release|Any CPU.Build.0 = Release|Any CPU
	EndGlobalSection
	GlobalSection(SolutionProperties) = preSolution
		HideSolutionNode = FALSE
	EndGlobalSection
	GlobalSection(NestedProjects) = preSolution
		{39D7E285-3560-4EE8-BC49-386E274A04FE} = {8216A127-843C-43CE-9805-F4DF24F0D00D}
		{7A16406D-C0C4-4E41-BCC4-762BBC92FCFD} = {8216A127-843C-43CE-9805-F4DF24F0D00D}
		{3CEBC2A5-0856-41E7-B53D-F26EA1FF582E} = {6BF736C8-6B48-4E52-AA75-31FA537B7473}
		{37E8E3FD-612B-4FAC-89E2-35AFF607CC9A} = {6BF736C8-6B48-4E52-AA75-31FA537B7473}
	EndGlobalSection
	GlobalSection(ExtensibilityGlobals) = postSolution
		SolutionGuid = {176A9434-ACF3-4FDC-BFF2-76FF84FABA32}
	EndGlobalSection
EndGlobal
